
Microsoft Visual Studio Solution File, Format Version 12.00
# Visual Studio Version 17
VisualStudioVersion = 17.3.32825.248
MinimumVisualStudioVersion = 10.0.40219.1
Project("{8BC9CEB8-8B4A-11D0-8D11-00A0C91BC942}") = "Project04", "Project04\Project04.vcxproj", "{1A3FAED6-ECF0-470F-9A49-05BE8197FE60}"
EndProject
Global
	GlobalSection(SolutionConfigurationPlatforms) = preSolution
		Debug|x64 = Debug|x64
		Debug|x86 = Debug|x86
		Release|x64 = Release|x64
		Release|x86 = Release|x86
	EndGlobalSection
	GlobalSection(ProjectConfigurationPlatforms) = postSolution
		{1A3FAED6-ECF0-470F-9A49-05BE8197FE60}.Debug|x64.ActiveCfg = Debug|x64
		{1A3FAED6-ECF0-470F-9A49-05BE8197FE60}.Debug|x64.Build.0 = Debug|x64
		{1A3FAED6-ECF0-470F-9A49-05BE8197FE60}.Debug|x86.ActiveCfg = Debug|Win32
		{1A3FAED6-ECF0-470F-9A49-05BE8197FE60}.Debug|x86.Build.0 = Debug|Win32
		{1A3FAED6-ECF0-470F-9A49-05BE8197FE60}.Release|x64.ActiveCfg = Release|x64
		{1A3FAED6-ECF0-470F-9A49-05BE8197FE60}.Release|x64.Build.0 = Release|x64
		{1A3FAED6-ECF0-470F-9A49-05BE8197FE60}.Release|x86.ActiveCfg = Release|Win32
		{1A3FAED6-ECF0-470F-9A49-05BE8197FE60}.Release|x86.Build.0 = Release|Win32
	EndGlobalSection
	GlobalSection(SolutionProperties) = preSolution
		HideSolutionNode = FALSE
	EndGlobalSection
	GlobalSection(ExtensibilityGlobals) = postSolution
		SolutionGuid = {6B181654-C498-414F-BF1F-C54EA0D42404}
	EndGlobalSection
EndGlobal
